
Microsoft Visual Studio Solution File, Format Version 12.00
# Visual Studio Version 17
VisualStudioVersion = 17.5.33424.131
MinimumVisualStudioVersion = 10.0.40219.1
Project("{FAE04EC0-301F-11D3-BF4B-00C04F79EFBC}") = "ToDo.Api", "ToDo.Api\ToDo.Api.csproj", "{0845927A-D23C-4589-A684-BB03EC52BE34}"
EndProject
Project("{FAE04EC0-301F-11D3-BF4B-00C04F79EFBC}") = "ToDo.Infrastructure", "ToDo.Infrastructure\ToDo.Infrastructure.csproj", "{27AE66B0-1472-426D-9091-0B9310998832}"
EndProject
Project("{FAE04EC0-301F-11D3-BF4B-00C04F79EFBC}") = "ToDo.Domain", "ToDo.Domain\ToDo.Domain.csproj", "{43A1DAF9-6E27-4D07-91E6-B184DA962DCB}"
EndProject
Project("{FAE04EC0-301F-11D3-BF4B-00C04F79EFBC}") = "ToDo.Application", "ToDo.Application\ToDo.Application.csproj", "{B64C5814-5B43-4291-83F5-98A346101A56}"
EndProject
Global
	GlobalSection(SolutionConfigurationPlatforms) = preSolution
		Debug|Any CPU = Debug|Any CPU
		Release|Any CPU = Release|Any CPU
	EndGlobalSection
	GlobalSection(ProjectConfigurationPlatforms) = postSolution
		{0845927A-D23C-4589-A684-BB03EC52BE34}.Debug|Any CPU.ActiveCfg = Debug|Any CPU
		{0845927A-D23C-4589-A684-BB03EC52BE34}.Debug|Any CPU.Build.0 = Debug|Any CPU
		{0845927A-D23C-4589-A684-BB03EC52BE34}.Release|Any CPU.ActiveCfg = Release|Any CPU
		{0845927A-D23C-4589-A684-BB03EC52BE34}.Release|Any CPU.Build.0 = Release|Any CPU
		{27AE66B0-1472-426D-9091-0B9310998832}.Debug|Any CPU.ActiveCfg = Debug|Any CPU
		{27AE66B0-1472-426D-9091-0B9310998832}.Debug|Any CPU.Build.0 = Debug|Any CPU
		{27AE66B0-1472-426D-9091-0B9310998832}.Release|Any CPU.ActiveCfg = Release|Any CPU
		{27AE66B0-1472-426D-9091-0B9310998832}.Release|Any CPU.Build.0 = Release|Any CPU
		{43A1DAF9-6E27-4D07-91E6-B184DA962DCB}.Debug|Any CPU.ActiveCfg = Debug|Any CPU
		{43A1DAF9-6E27-4D07-91E6-B184DA962DCB}.Debug|Any CPU.Build.0 = Debug|Any CPU
		{43A1DAF9-6E27-4D07-91E6-B184DA962DCB}.Release|Any CPU.ActiveCfg = Release|Any CPU
		{43A1DAF9-6E27-4D07-91E6-B184DA962DCB}.Release|Any CPU.Build.0 = Release|Any CPU
		{B64C5814-5B43-4291-83F5-98A346101A56}.Debug|Any CPU.ActiveCfg = Debug|Any CPU
		{B64C5814-5B43-4291-83F5-98A346101A56}.Debug|Any CPU.Build.0 = Debug|Any CPU
		{B64C5814-5B43-4291-83F5-98A346101A56}.Release|Any CPU.ActiveCfg = Release|Any CPU
		{B64C5814-5B43-4291-83F5-98A346101A56}.Release|Any CPU.Build.0 = Release|Any CPU
	EndGlobalSection
	GlobalSection(SolutionProperties) = preSolution
		HideSolutionNode = FALSE
	EndGlobalSection
	GlobalSection(ExtensibilityGlobals) = postSolution
		SolutionGuid = {C190A83E-AE7D-4805-89D2-D8224BEF3605}
	EndGlobalSection
EndGlobal
